
Microsoft Visual Studio Solution File, Format Version 12.00
# Visual Studio Version 17
VisualStudioVersion = 17.14.36705.20
MinimumVisualStudioVersion = 10.0.40219.1
Project("{2150E333-8FDC-42A3-9474-1A3956D46DE8}") = "Task0", "Task0", "{02EA681E-C7D8-13C7-8484-4AC65E1B71E8}"
EndProject
Project("{FAE04EC0-301F-11D3-BF4B-00C04F79EFBC}") = "Tyuiu.MazurkevichVS.Sprint4.Task0.V26", "Tyuiu.MazurkevichVS.Sprint4.Task0.V26\Tyuiu.MazurkevichVS.Sprint4.Task0.V26.csproj", "{550CA1CF-2E06-49A9-AAA9-7F3C697542C3}"
EndProject
Project("{FAE04EC0-301F-11D3-BF4B-00C04F79EFBC}") = "Tyuiu.MazurkevichVS.Sprint4.Task0.V26.Lib", "Tyuiu.MazurkevichVS.Sprint4.Task0.V26.Lib\Tyuiu.MazurkevichVS.Sprint4.Task0.V26.Lib.csproj", "{97A1B4DA-845F-4D46-9AAD-71A42FC02798}"
EndProject
Project("{FAE04EC0-301F-11D3-BF4B-00C04F79EFBC}") = "Tyuiu.MazurkevichVS.Sprint4.Task0.V26.Test", "Tyuiu.MazurkevichVS.Sprint4.Task0.V26.Test\Tyuiu.MazurkevichVS.Sprint4.Task0.V26.Test.csproj", "{041356A9-741D-480A-9C7D-EF7619DA94EF}"
EndProject
Project("{2150E333-8FDC-42A3-9474-1A3956D46DE8}") = "Task1", "Task1", "{12A04DA6-7345-48D9-A1F0-ED7D11C984CA}"
EndProject
Project("{FAE04EC0-301F-11D3-BF4B-00C04F79EFBC}") = "Tyuiu.MazurkevichVS.Sprint4.Task1.V13", "Tyuiu.MazurkevichVS.Sprint4.Task1.V13\Tyuiu.MazurkevichVS.Sprint4.Task1.V13.csproj", "{54BBAD14-DE2F-436E-9206-82DBD116D587}"
EndProject
Project("{FAE04EC0-301F-11D3-BF4B-00C04F79EFBC}") = "Tyuiu.MazurkevichVS.Sprint4.Task1.V13.Test", "Tyuiu.MazurkevichVS.Sprint4.Task1.V13.Test\Tyuiu.MazurkevichVS.Sprint4.Task1.V13.Test.csproj", "{D6CB3F53-A816-4DBF-84C3-88C9C6139DA9}"
EndProject
Project("{FAE04EC0-301F-11D3-BF4B-00C04F79EFBC}") = "Tyuiu.MazurkevichVS.Sprint4.Task1.V13.Lib", "Tyuiu.MazurkevichVS.Sprint4.Task1.V13.Lib\Tyuiu.MazurkevichVS.Sprint4.Task1.V13.Lib.csproj", "{D1D86959-5A20-47C9-9AD4-9809397E43E2}"
EndProject
Project("{2150E333-8FDC-42A3-9474-1A3956D46DE8}") = "Task2", "Task2", "{94DC88F0-536A-43BD-9CAE-9D9B27B45F4D}"
EndProject
Project("{FAE04EC0-301F-11D3-BF4B-00C04F79EFBC}") = "Tyuiu.MazurkevichVS.Sprint4.Task2.V5", "Tyuiu.MazurkevichVS.Sprint4.Task2.V5\Tyuiu.MazurkevichVS.Sprint4.Task2.V5.csproj", "{F94304ED-82DB-4A86-9805-A43A89F803DB}"
EndProject
Project("{FAE04EC0-301F-11D3-BF4B-00C04F79EFBC}") = "Tyuiu.MazurkevichVS.Sprint4.Task2.V5.Lib", "Tyuiu.MazurkevichVS.Sprint4.Task2.V5.Lib\Tyuiu.MazurkevichVS.Sprint4.Task2.V5.Lib.csproj", "{D845BD8E-905A-4F65-A218-FDF5A87C69CA}"
EndProject
Project("{FAE04EC0-301F-11D3-BF4B-00C04F79EFBC}") = "Tyuiu.MazurkevichVS.Sprint4.Task2.V5.Test", "Tyuiu.MazurkevichVS.Sprint4.Task2.V5.Test\Tyuiu.MazurkevichVS.Sprint4.Task2.V5.Test.csproj", "{5E8E1AE2-AAF0-43A9-B9BA-859DED26650C}"
EndProject
Project("{2150E333-8FDC-42A3-9474-1A3956D46DE8}") = "Task3", "Task3", "{B5958756-8658-4B4E-8020-C2E5BBB78E1E}"
EndProject
Project("{FAE04EC0-301F-11D3-BF4B-00C04F79EFBC}") = "Tyuiu.MazurkevichVS.Sprint4.Task3.V25", "Tyuiu.MazurkevichVS.Sprint4.Task3.V25\Tyuiu.MazurkevichVS.Sprint4.Task3.V25.csproj", "{4F29EEE5-FA70-4824-9632-58352E088CAD}"
EndProject
Project("{FAE04EC0-301F-11D3-BF4B-00C04F79EFBC}") = "Tyuiu.MazurkevichVS.Sprint4.Task3.V25.Lib", "Tyuiu.MazurkevichVS.Sprint4.Task3.V25.Lib\Tyuiu.MazurkevichVS.Sprint4.Task3.V25.Lib.csproj", "{ACA31CD1-F139-4A9C-ADF3-5F96AD5374CC}"
EndProject
Project("{FAE04EC0-301F-11D3-BF4B-00C04F79EFBC}") = "Tyuiu.MazurkevichVS.Sprint4.Task3.V25.Test", "Tyuiu.MazurkevichVS.Sprint4.Task3.V25.Test\Tyuiu.MazurkevichVS.Sprint4.Task3.V25.Test.csproj", "{35FCB5B9-3437-4E0E-A6B4-031F3449CC4F}"
EndProject
Project("{2150E333-8FDC-42A3-9474-1A3956D46DE8}") = "Task4", "Task4", "{BACA438E-E902-4521-987C-A62D588CC08E}"
EndProject
Project("{FAE04EC0-301F-11D3-BF4B-00C04F79EFBC}") = "Tyuiu.MazurkevichVS.Sprint4.Task4.V10", "Tyuiu.MazurkevichVS.Sprint4.Task4.V10\Tyuiu.MazurkevichVS.Sprint4.Task4.V10.csproj", "{CC6BB27C-D328-432F-912D-838AE5E6D1F9}"
EndProject
Project("{FAE04EC0-301F-11D3-BF4B-00C04F79EFBC}") = "Tyuiu.MazurkevichVS.Sprint4.Task4.V10.Lib", "Tyuiu.MazurkevichVS.Sprint4.Task4.V10.Lib\Tyuiu.MazurkevichVS.Sprint4.Task4.V10.Lib.csproj", "{4FBEE367-1E6B-4085-9F6A-3A811F9E6072}"
EndProject
Project("{FAE04EC0-301F-11D3-BF4B-00C04F79EFBC}") = "Tyuiu.MazurkevichVS.Sprint4.Task4.V10.Test", "Tyuiu.MazurkevichVS.Sprint4.Task4.V10.Test\Tyuiu.MazurkevichVS.Sprint4.Task4.V10.Test.csproj", "{3002863A-B09E-45DB-A042-EBF1D5161BD3}"
EndProject
Global
	GlobalSection(SolutionConfigurationPlatforms) = preSolution
		Debug|Any CPU = Debug|Any CPU
		Release|Any CPU = Release|Any CPU
	EndGlobalSection
	GlobalSection(ProjectConfigurationPlatforms) = postSolution
		{550CA1CF-2E06-49A9-AAA9-7F3C697542C3}.Debug|Any CPU.ActiveCfg = Debug|Any CPU
		{550CA1CF-2E06-49A9-AAA9-7F3C697542C3}.Debug|Any CPU.Build.0 = Debug|Any CPU
		{550CA1CF-2E06-49A9-AAA9-7F3C697542C3}.Release|Any CPU.ActiveCfg = Release|Any CPU
		{550CA1CF-2E06-49A9-AAA9-7F3C697542C3}.Release|Any CPU.Build.0 = Release|Any CPU
		{97A1B4DA-845F-4D46-9AAD-71A42FC02798}.Debug|Any CPU.ActiveCfg = Debug|Any CPU
		{97A1B4DA-845F-4D46-9AAD-71A42FC02798}.Debug|Any CPU.Build.0 = Debug|Any CPU
		{97A1B4DA-845F-4D46-9AAD-71A42FC02798}.Release|Any CPU.ActiveCfg = Release|Any CPU
		{97A1B4DA-845F-4D46-9AAD-71A42FC02798}.Release|Any CPU.Build.0 = Release|Any CPU
		{041356A9-741D-480A-9C7D-EF7619DA94EF}.Debug|Any CPU.ActiveCfg = Debug|Any CPU
		{041356A9-741D-480A-9C7D-EF7619DA94EF}.Debug|Any CPU.Build.0 = Debug|Any CPU
		{041356A9-741D-480A-9C7D-EF7619DA94EF}.Release|Any CPU.ActiveCfg = Release|Any CPU
		{041356A9-741D-480A-9C7D-EF7619DA94EF}.Release|Any CPU.Build.0 = Release|Any CPU
		{54BBAD14-DE2F-436E-9206-82DBD116D587}.Debug|Any CPU.ActiveCfg = Debug|Any CPU
		{54BBAD14-DE2F-436E-9206-82DBD116D587}.Debug|Any CPU.Build.0 = Debug|Any CPU
		{54BBAD14-DE2F-436E-9206-82DBD116D587}.Release|Any CPU.ActiveCfg = Release|Any CPU
		{54BBAD14-DE2F-436E-9206-82DBD116D587}.Release|Any CPU.Build.0 = Release|Any CPU
		{D6CB3F53-A816-4DBF-84C3-88C9C6139DA9}.Debug|Any CPU.ActiveCfg = Debug|Any CPU
		{D6CB3F53-A816-4DBF-84C3-88C9C6139DA9}.Debug|Any CPU.Build.0 = Debug|Any CPU
		{D6CB3F53-A816-4DBF-84C3-88C9C6139DA9}.Release|Any CPU.ActiveCfg = Release|Any CPU
		{D6CB3F53-A816-4DBF-84C3-88C9C6139DA9}.Release|Any CPU.Build.0 = Release|Any CPU
		{D1D86959-5A20-47C9-9AD4-9809397E43E2}.Debug|Any CPU.ActiveCfg = Debug|Any CPU
		{D1D86959-5A20-47C9-9AD4-9809397E43E2}.Debug|Any CPU.Build.0 = Debug|Any CPU
		{D1D86959-5A20-47C9-9AD4-9809397E43E2}.Release|Any CPU.ActiveCfg = Release|Any CPU
		{D1D86959-5A20-47C9-9AD4-9809397E43E2}.Release|Any CPU.Build.0 = Release|Any CPU
		{F94304ED-82DB-4A86-9805-A43A89F803DB}.Debug|Any CPU.ActiveCfg = Debug|Any CPU
		{F94304ED-82DB-4A86-9805-A43A89F803DB}.Debug|Any CPU.Build.0 = Debug|Any CPU
		{F94304ED-82DB-4A86-9805-A43A89F803DB}.Release|Any CPU.ActiveCfg = Release|Any CPU
		{F94304ED-82DB-4A86-9805-A43A89F803DB}.Release|Any CPU.Build.0 = Release|Any CPU
		{D845BD8E-905A-4F65-A218-FDF5A87C69CA}.Debug|Any CPU.ActiveCfg = Debug|Any CPU
		{D845BD8E-905A-4F65-A218-FDF5A87C69CA}.Debug|Any CPU.Build.0 = Debug|Any CPU
		{D845BD8E-905A-4F65-A218-FDF5A87C69CA}.Release|Any CPU.ActiveCfg = Release|Any CPU
		{D845BD8E-905A-4F65-A218-FDF5A87C69CA}.Release|Any CPU.Build.0 = Release|Any CPU
		{5E8E1AE2-AAF0-43A9-B9BA-859DED26650C}.Debug|Any CPU.ActiveCfg = Debug|Any CPU
		{5E8E1AE2-AAF0-43A9-B9BA-859DED26650C}.Debug|Any CPU.Build.0 = Debug|Any CPU
		{5E8E1AE2-AAF0-43A9-B9BA-859DED26650C}.Release|Any CPU.ActiveCfg = Release|Any CPU
		{5E8E1AE2-AAF0-43A9-B9BA-859DED26650C}.Release|Any CPU.Build.0 = Release|Any CPU
		{4F29EEE5-FA70-4824-9632-58352E088CAD}.Debug|Any CPU.ActiveCfg = Debug|Any CPU
		{4F29EEE5-FA70-4824-9632-58352E088CAD}.Debug|Any CPU.Build.0 = Debug|Any CPU
		{4F29EEE5-FA70-4824-9632-58352E088CAD}.Release|Any CPU.ActiveCfg = Release|Any CPU
		{4F29EEE5-FA70-4824-9632-58352E088CAD}.Release|Any CPU.Build.0 = Release|Any CPU
		{ACA31CD1-F139-4A9C-ADF3-5F96AD5374CC}.Debug|Any CPU.ActiveCfg = Debug|Any CPU
		{ACA31CD1-F139-4A9C-ADF3-5F96AD5374CC}.Debug|Any CPU.Build.0 = Debug|Any CPU
		{ACA31CD1-F139-4A9C-ADF3-5F96AD5374CC}.Release|Any CPU.ActiveCfg = Release|Any CPU
		{ACA31CD1-F139-4A9C-ADF3-5F96AD5374CC}.Release|Any CPU.Build.0 = Release|Any CPU
		{35FCB5B9-3437-4E0E-A6B4-031F3449CC4F}.Debug|Any CPU.ActiveCfg = Debug|Any CPU
		{35FCB5B9-3437-4E0E-A6B4-031F3449CC4F}.Debug|Any CPU.Build.0 = Debug|Any CPU
		{35FCB5B9-3437-4E0E-A6B4-031F3449CC4F}.Release|Any CPU.ActiveCfg = Release|Any CPU
		{35FCB5B9-3437-4E0E-A6B4-031F3449CC4F}.Release|Any CPU.Build.0 = Release|Any CPU
		{CC6BB27C-D328-432F-912D-838AE5E6D1F9}.Debug|Any CPU.ActiveCfg = Debug|Any CPU
		{CC6BB27C-D328-432F-912D-838AE5E6D1F9}.Debug|Any CPU.Build.0 = Debug|Any CPU
		{CC6BB27C-D328-432F-912D-838AE5E6D1F9}.Release|Any CPU.ActiveCfg = Release|Any CPU
		{CC6BB27C-D328-432F-912D-838AE5E6D1F9}.Release|Any CPU.Build.0 = Release|Any CPU
		{4FBEE367-1E6B-4085-9F6A-3A811F9E6072}.Debug|Any CPU.ActiveCfg = Debug|Any CPU
		{4FBEE367-1E6B-4085-9F6A-3A811F9E6072}.Debug|Any CPU.Build.0 = Debug|Any CPU
		{4FBEE367-1E6B-4085-9F6A-3A811F9E6072}.Release|Any CPU.ActiveCfg = Release|Any CPU
		{4FBEE367-1E6B-4085-9F6A-3A811F9E6072}.Release|Any CPU.Build.0 = Release|Any CPU
		{3002863A-B09E-45DB-A042-EBF1D5161BD3}.Debug|Any CPU.ActiveCfg = Debug|Any CPU
		{3002863A-B09E-45DB-A042-EBF1D5161BD3}.Debug|Any CPU.Build.0 = Debug|Any CPU
		{3002863A-B09E-45DB-A042-EBF1D5161BD3}.Release|Any CPU.ActiveCfg = Release|Any CPU
		{3002863A-B09E-45DB-A042-EBF1D5161BD3}.Release|Any CPU.Build.0 = Release|Any CPU
	EndGlobalSection
	GlobalSection(SolutionProperties) = preSolution
		HideSolutionNode = FALSE
	EndGlobalSection
	GlobalSection(NestedProjects) = preSolution
		{550CA1CF-2E06-49A9-AAA9-7F3C697542C3} = {02EA681E-C7D8-13C7-8484-4AC65E1B71E8}
		{97A1B4DA-845F-4D46-9AAD-71A42FC02798} = {02EA681E-C7D8-13C7-8484-4AC65E1B71E8}
		{041356A9-741D-480A-9C7D-EF7619DA94EF} = {02EA681E-C7D8-13C7-8484-4AC65E1B71E8}
		{54BBAD14-DE2F-436E-9206-82DBD116D587} = {12A04DA6-7345-48D9-A1F0-ED7D11C984CA}
		{D6CB3F53-A816-4DBF-84C3-88C9C6139DA9} = {12A04DA6-7345-48D9-A1F0-ED7D11C984CA}
		{D1D86959-5A20-47C9-9AD4-9809397E43E2} = {12A04DA6-7345-48D9-A1F0-ED7D11C984CA}
		{F94304ED-82DB-4A86-9805-A43A89F803DB} = {94DC88F0-536A-43BD-9CAE-9D9B27B45F4D}
		{D845BD8E-905A-4F65-A218-FDF5A87C69CA} = {94DC88F0-536A-43BD-9CAE-9D9B27B45F4D}
		{5E8E1AE2-AAF0-43A9-B9BA-859DED26650C} = {94DC88F0-536A-43BD-9CAE-9D9B27B45F4D}
		{4F29EEE5-FA70-4824-9632-58352E088CAD} = {B5958756-8658-4B4E-8020-C2E5BBB78E1E}
		{ACA31CD1-F139-4A9C-ADF3-5F96AD5374CC} = {B5958756-8658-4B4E-8020-C2E5BBB78E1E}
		{35FCB5B9-3437-4E0E-A6B4-031F3449CC4F} = {B5958756-8658-4B4E-8020-C2E5BBB78E1E}
		{CC6BB27C-D328-432F-912D-838AE5E6D1F9} = {BACA438E-E902-4521-987C-A62D588CC08E}
		{4FBEE367-1E6B-4085-9F6A-3A811F9E6072} = {BACA438E-E902-4521-987C-A62D588CC08E}
		{3002863A-B09E-45DB-A042-EBF1D5161BD3} = {BACA438E-E902-4521-987C-A62D588CC08E}
	EndGlobalSection
	GlobalSection(ExtensibilityGlobals) = postSolution
		SolutionGuid = {3C58D29B-CF45-432F-A0C8-A816B9DB2697}
	EndGlobalSection
EndGlobal
